// !$*UTF8*$!
{
	archiveVersion = 1;
	classes = {
	};
	objectVersion = 56;
	objects = {

/* Begin PBXBuildFile section */
		D516C0A62A4EDCD1006CD3D6 /* AppDelegate.swift in Sources */ = {isa = PBXBuildFile; fileRef = D516C0A52A4EDCD1006CD3D6 /* AppDelegate.swift */; };
		D516C0A82A4EDCD1006CD3D6 /* SceneDelegate.swift in Sources */ = {isa = PBXBuildFile; fileRef = D516C0A72A4EDCD1006CD3D6 /* SceneDelegate.swift */; };
		D516C0AF2A4EDCD2006CD3D6 /* Assets.xcassets in Resources */ = {isa = PBXBuildFile; fileRef = D516C0AE2A4EDCD2006CD3D6 /* Assets.xcassets */; };
		D516C0B22A4EDCD2006CD3D6 /* LaunchScreen.storyboard in Resources */ = {isa = PBXBuildFile; fileRef = D516C0B02A4EDCD2006CD3D6 /* LaunchScreen.storyboard */; };
		D516C0BD2A4EDCD2006CD3D6 /* JJTimesTests.swift in Sources */ = {isa = PBXBuildFile; fileRef = D516C0BC2A4EDCD2006CD3D6 /* JJTimesTests.swift */; };
		D516C0C72A4EDCD2006CD3D6 /* JJTimesUITests.swift in Sources */ = {isa = PBXBuildFile; fileRef = D516C0C62A4EDCD2006CD3D6 /* JJTimesUITests.swift */; };
		D516C0C92A4EDCD2006CD3D6 /* JJTimesUITestsLaunchTests.swift in Sources */ = {isa = PBXBuildFile; fileRef = D516C0C82A4EDCD2006CD3D6 /* JJTimesUITestsLaunchTests.swift */; };
		D516C0D62A4EE47A006CD3D6 /* JJTopStoriesVC.swift in Sources */ = {isa = PBXBuildFile; fileRef = D516C0D52A4EE47A006CD3D6 /* JJTopStoriesVC.swift */; };
		D516C0D82A4EE49A006CD3D6 /* JJTopStoriesView.swift in Sources */ = {isa = PBXBuildFile; fileRef = D516C0D72A4EE49A006CD3D6 /* JJTopStoriesView.swift */; };
/* End PBXBuildFile section */

/* Begin PBXContainerItemProxy section */
		D516C0B92A4EDCD2006CD3D6 /* PBXContainerItemProxy */ = {
			isa = PBXContainerItemProxy;
			containerPortal = D516C09A2A4EDCD1006CD3D6 /* Project object */;
			proxyType = 1;
			remoteGlobalIDString = D516C0A12A4EDCD1006CD3D6;
			remoteInfo = JJTimes;
		};
		D516C0C32A4EDCD2006CD3D6 /* PBXContainerItemProxy */ = {
			isa = PBXContainerItemProxy;
			containerPortal = D516C09A2A4EDCD1006CD3D6 /* Project object */;
			proxyType = 1;
			remoteGlobalIDString = D516C0A12A4EDCD1006CD3D6;
			remoteInfo = JJTimes;
		};
/* End PBXContainerItemProxy section */

/* Begin PBXFileReference section */
		D516C0A22A4EDCD1006CD3D6 /* JJTimes.app */ = {isa = PBXFileReference; explicitFileType = wrapper.application; includeInIndex = 0; path = JJTimes.app; sourceTree = BUILT_PRODUCTS_DIR; };
		D516C0A52A4EDCD1006CD3D6 /* AppDelegate.swift */ = {isa = PBXFileReference; lastKnownFileType = sourcecode.swift; path = AppDelegate.swift; sourceTree = "<group>"; };
		D516C0A72A4EDCD1006CD3D6 /* SceneDelegate.swift */ = {isa = PBXFileReference; lastKnownFileType = sourcecode.swift; path = SceneDelegate.swift; sourceTree = "<group>"; };
		D516C0AE2A4EDCD2006CD3D6 /* Assets.xcassets */ = {isa = PBXFileReference; lastKnownFileType = folder.assetcatalog; path = Assets.xcassets; sourceTree = "<group>"; };
		D516C0B12A4EDCD2006CD3D6 /* Base */ = {isa = PBXFileReference; lastKnownFileType = file.storyboard; name = Base; path = Base.lproj/LaunchScreen.storyboard; sourceTree = "<group>"; };
		D516C0B32A4EDCD2006CD3D6 /* Info.plist */ = {isa = PBXFileReference; lastKnownFileType = text.plist.xml; path = Info.plist; sourceTree = "<group>"; };
		D516C0B82A4EDCD2006CD3D6 /* JJTimesTests.xctest */ = {isa = PBXFileReference; explicitFileType = wrapper.cfbundle; includeInIndex = 0; path = JJTimesTests.xctest; sourceTree = BUILT_PRODUCTS_DIR; };
		D516C0BC2A4EDCD2006CD3D6 /* JJTimesTests.swift */ = {isa = PBXFileReference; lastKnownFileType = sourcecode.swift; path = JJTimesTests.swift; sourceTree = "<group>"; };
		D516C0C22A4EDCD2006CD3D6 /* JJTimesUITests.xctest */ = {isa = PBXFileReference; explicitFileType = wrapper.cfbundle; includeInIndex = 0; path = JJTimesUITests.xctest; sourceTree = BUILT_PRODUCTS_DIR; };
		D516C0C62A4EDCD2006CD3D6 /* JJTimesUITests.swift */ = {isa = PBXFileReference; lastKnownFileType = sourcecode.swift; path = JJTimesUITests.swift; sourceTree = "<group>"; };
		D516C0C82A4EDCD2006CD3D6 /* JJTimesUITestsLaunchTests.swift */ = {isa = PBXFileReference; lastKnownFileType = sourcecode.swift; path = JJTimesUITestsLaunchTests.swift; sourceTree = "<group>"; };
		D516C0D52A4EE47A006CD3D6 /* JJTopStoriesVC.swift */ = {isa = PBXFileReference; lastKnownFileType = sourcecode.swift; path = JJTopStoriesVC.swift; sourceTree = "<group>"; };
		D516C0D72A4EE49A006CD3D6 /* JJTopStoriesView.swift */ = {isa = PBXFileReference; lastKnownFileType = sourcecode.swift; path = JJTopStoriesView.swift; sourceTree = "<group>"; };
/* End PBXFileReference section */

/* Begin PBXFrameworksBuildPhase section */
		D516C09F2A4EDCD1006CD3D6 /* Frameworks */ = {
			isa = PBXFrameworksBuildPhase;
			buildActionMask = 2147483647;
			files = (
			);
			runOnlyForDeploymentPostprocessing = 0;
		};
		D516C0B52A4EDCD2006CD3D6 /* Frameworks */ = {
			isa = PBXFrameworksBuildPhase;
			buildActionMask = 2147483647;
			files = (
			);
			runOnlyForDeploymentPostprocessing = 0;
		};
		D516C0BF2A4EDCD2006CD3D6 /* Frameworks */ = {
			isa = PBXFrameworksBuildPhase;
			buildActionMask = 2147483647;
			files = (
			);
			runOnlyForDeploymentPostprocessing = 0;
		};
/* End PBXFrameworksBuildPhase section */

/* Begin PBXGroup section */
		D516C0992A4EDCD1006CD3D6 = {
			isa = PBXGroup;
			children = (
				D516C0A42A4EDCD1006CD3D6 /* JJTimes */,
				D516C0BB2A4EDCD2006CD3D6 /* JJTimesTests */,
				D516C0C52A4EDCD2006CD3D6 /* JJTimesUITests */,
				D516C0A32A4EDCD1006CD3D6 /* Products */,
			);
			sourceTree = "<group>";
		};
		D516C0A32A4EDCD1006CD3D6 /* Products */ = {
			isa = PBXGroup;
			children = (
				D516C0A22A4EDCD1006CD3D6 /* JJTimes.app */,
				D516C0B82A4EDCD2006CD3D6 /* JJTimesTests.xctest */,
				D516C0C22A4EDCD2006CD3D6 /* JJTimesUITests.xctest */,
			);
			name = Products;
			sourceTree = "<group>";
		};
		D516C0A42A4EDCD1006CD3D6 /* JJTimes */ = {
			isa = PBXGroup;
			children = (
				D516C0A52A4EDCD1006CD3D6 /* AppDelegate.swift */,
				D516C0A72A4EDCD1006CD3D6 /* SceneDelegate.swift */,
				D516C0D52A4EE47A006CD3D6 /* JJTopStoriesVC.swift */,
				D516C0D72A4EE49A006CD3D6 /* JJTopStoriesView.swift */,
				D516C0AE2A4EDCD2006CD3D6 /* Assets.xcassets */,
				D516C0B02A4EDCD2006CD3D6 /* LaunchScreen.storyboard */,
				D516C0B32A4EDCD2006CD3D6 /* Info.plist */,
			);
			path = JJTimes;
			sourceTree = "<group>";
		};
		D516C0BB2A4EDCD2006CD3D6 /* JJTimesTests */ = {
			isa = PBXGroup;
			children = (
				D516C0BC2A4EDCD2006CD3D6 /* JJTimesTests.swift */,
			);
			path = JJTimesTests;
			sourceTree = "<group>";
		};
		D516C0C52A4EDCD2006CD3D6 /* JJTimesUITests */ = {
			isa = PBXGroup;
			children = (
				D516C0C62A4EDCD2006CD3D6 /* JJTimesUITests.swift */,
				D516C0C82A4EDCD2006CD3D6 /* JJTimesUITestsLaunchTests.swift */,
			);
			path = JJTimesUITests;
			sourceTree = "<group>";
		};
/* End PBXGroup section */

/* Begin PBXNativeTarget section */
		D516C0A12A4EDCD1006CD3D6 /* JJTimes */ = {
			isa = PBXNativeTarget;
			buildConfigurationList = D516C0CC2A4EDCD2006CD3D6 /* Build configuration list for PBXNativeTarget "JJTimes" */;
			buildPhases = (
				D516C09E2A4EDCD1006CD3D6 /* Sources */,
				D516C09F2A4EDCD1006CD3D6 /* Frameworks */,
				D516C0A02A4EDCD1006CD3D6 /* Resources */,
			);
			buildRules = (
			);
			dependencies = (
			);
			name = JJTimes;
			productName = JJTimes;
			productReference = D516C0A22A4EDCD1006CD3D6 /* JJTimes.app */;
			productType = "com.apple.product-type.application";
		};
		D516C0B72A4EDCD2006CD3D6 /* JJTimesTests */ = {
			isa = PBXNativeTarget;
			buildConfigurationList = D516C0CF2A4EDCD2006CD3D6 /* Build configuration list for PBXNativeTarget "JJTimesTests" */;
			buildPhases = (
				D516C0B42A4EDCD2006CD3D6 /* Sources */,
				D516C0B52A4EDCD2006CD3D6 /* Frameworks */,
				D516C0B62A4EDCD2006CD3D6 /* Resources */,
			);
			buildRules = (
			);
			dependencies = (
				D516C0BA2A4EDCD2006CD3D6 /* PBXTargetDependency */,
			);
			name = JJTimesTests;
			productName = JJTimesTests;
			productReference = D516C0B82A4EDCD2006CD3D6 /* JJTimesTests.xctest */;
			productType = "com.apple.product-type.bundle.unit-test";
		};
		D516C0C12A4EDCD2006CD3D6 /* JJTimesUITests */ = {
			isa = PBXNativeTarget;
			buildConfigurationList = D516C0D22A4EDCD2006CD3D6 /* Build configuration list for PBXNativeTarget "JJTimesUITests" */;
			buildPhases = (
				D516C0BE2A4EDCD2006CD3D6 /* Sources */,
				D516C0BF2A4EDCD2006CD3D6 /* Frameworks */,
				D516C0C02A4EDCD2006CD3D6 /* Resources */,
			);
			buildRules = (
			);
			dependencies = (
				D516C0C42A4EDCD2006CD3D6 /* PBXTargetDependency */,
			);
			name = JJTimesUITests;
			productName = JJTimesUITests;
			productReference = D516C0C22A4EDCD2006CD3D6 /* JJTimesUITests.xctest */;
			productType = "com.apple.product-type.bundle.ui-testing";
		};
/* End PBXNativeTarget section */

/* Begin PBXProject section */
		D516C09A2A4EDCD1006CD3D6 /* Project object */ = {
			isa = PBXProject;
			attributes = {
				BuildIndependentTargetsInParallel = 1;
				LastSwiftUpdateCheck = 1410;
				LastUpgradeCheck = 1410;
				TargetAttributes = {
					D516C0A12A4EDCD1006CD3D6 = {
						CreatedOnToolsVersion = 14.1;
					};
					D516C0B72A4EDCD2006CD3D6 = {
						CreatedOnToolsVersion = 14.1;
						TestTargetID = D516C0A12A4EDCD1006CD3D6;
					};
					D516C0C12A4EDCD2006CD3D6 = {
						CreatedOnToolsVersion = 14.1;
						TestTargetID = D516C0A12A4EDCD1006CD3D6;
					};
				};
			};
			buildConfigurationList = D516C09D2A4EDCD1006CD3D6 /* Build configuration list for PBXProject "JJTimes" */;
			compatibilityVersion = "Xcode 14.0";
			developmentRegion = en;
			hasScannedForEncodings = 0;
			knownRegions = (
				en,
				Base,
			);
			mainGroup = D516C0992A4EDCD1006CD3D6;
			productRefGroup = D516C0A32A4EDCD1006CD3D6 /* Products */;
			projectDirPath = "";
			projectRoot = "";
			targets = (
				D516C0A12A4EDCD1006CD3D6 /* JJTimes */,
				D516C0B72A4EDCD2006CD3D6 /* JJTimesTests */,
				D516C0C12A4EDCD2006CD3D6 /* JJTimesUITests */,
			);
		};
/* End PBXProject section */

/* Begin PBXResourcesBuildPhase section */
		D516C0A02A4EDCD1006CD3D6 /* Resources */ = {
			isa = PBXResourcesBuildPhase;
			buildActionMask = 2147483647;
			files = (
				D516C0B22A4EDCD2006CD3D6 /* LaunchScreen.storyboard in Resources */,
				D516C0AF2A4EDCD2006CD3D6 /* Assets.xcassets in Resources */,
			);
			runOnlyForDeploymentPostprocessing = 0;
		};
		D516C0B62A4EDCD2006CD3D6 /* Resources */ = {
			isa = PBXResourcesBuildPhase;
			buildActionMask = 2147483647;
			files = (
			);
			runOnlyForDeploymentPostprocessing = 0;
		};
		D516C0C02A4EDCD2006CD3D6 /* Resources */ = {
			isa = PBXResourcesBuildPhase;
			buildActionMask = 2147483647;
			files = (
			);
			runOnlyForDeploymentPostprocessing = 0;
		};
/* End PBXResourcesBuildPhase section */

/* Begin PBXSourcesBuildPhase section */
		D516C09E2A4EDCD1006CD3D6 /* Sources */ = {
			isa = PBXSourcesBuildPhase;
			buildActionMask = 2147483647;
			files = (
				D516C0D82A4EE49A006CD3D6 /* JJTopStoriesView.swift in Sources */,
				D516C0A62A4EDCD1006CD3D6 /* AppDelegate.swift in Sources */,
				D516C0A82A4EDCD1006CD3D6 /* SceneDelegate.swift in Sources */,
				D516C0D62A4EE47A006CD3D6 /* JJTopStoriesVC.swift in Sources */,
			);
			runOnlyForDeploymentPostprocessing = 0;
		};
		D516C0B42A4EDCD2006CD3D6 /* Sources */ = {
			isa = PBXSourcesBuildPhase;
			buildActionMask = 2147483647;
			files = (
				D516C0BD2A4EDCD2006CD3D6 /* JJTimesTests.swift in Sources */,
			);
			runOnlyForDeploymentPostprocessing = 0;
		};
		D516C0BE2A4EDCD2006CD3D6 /* Sources */ = {
			isa = PBXSourcesBuildPhase;
			buildActionMask = 2147483647;
			files = (
				D516C0C72A4EDCD2006CD3D6 /* JJTimesUITests.swift in Sources */,
				D516C0C92A4EDCD2006CD3D6 /* JJTimesUITestsLaunchTests.swift in Sources */,
			);
			runOnlyForDeploymentPostprocessing = 0;
		};
/* End PBXSourcesBuildPhase section */

/* Begin PBXTargetDependency section */
		D516C0BA2A4EDCD2006CD3D6 /* PBXTargetDependency */ = {
			isa = PBXTargetDependency;
			target = D516C0A12A4EDCD1006CD3D6 /* JJTimes */;
			targetProxy = D516C0B92A4EDCD2006CD3D6 /* PBXContainerItemProxy */;
		};
		D516C0C42A4EDCD2006CD3D6 /* PBXTargetDependency */ = {
			isa = PBXTargetDependency;
			target = D516C0A12A4EDCD1006CD3D6 /* JJTimes */;
			targetProxy = D516C0C32A4EDCD2006CD3D6 /* PBXContainerItemProxy */;
		};
/* End PBXTargetDependency section */

/* Begin PBXVariantGroup section */
		D516C0B02A4EDCD2006CD3D6 /* LaunchScreen.storyboard */ = {
			isa = PBXVariantGroup;
			children = (
				D516C0B12A4EDCD2006CD3D6 /* Base */,
			);
			name = LaunchScreen.storyboard;
			sourceTree = "<group>";
		};
/* End PBXVariantGroup section */

/* Begin XCBuildConfiguration section */
		D516C0CA2A4EDCD2006CD3D6 /* Debug */ = {
			isa = XCBuildConfiguration;
			buildSettings = {
				ALWAYS_SEARCH_USER_PATHS = NO;
				CLANG_ANALYZER_NONNULL = YES;
				CLANG_ANALYZER_NUMBER_OBJECT_CONVERSION = YES_AGGRESSIVE;
				CLANG_CXX_LANGUAGE_STANDARD = "gnu++20";
				CLANG_ENABLE_MODULES = YES;
				CLANG_ENABLE_OBJC_ARC = YES;
				CLANG_ENABLE_OBJC_WEAK = YES;
				CLANG_WARN_BLOCK_CAPTURE_AUTORELEASING = YES;
				CLANG_WARN_BOOL_CONVERSION = YES;
				CLANG_WARN_COMMA = YES;
				CLANG_WARN_CONSTANT_CONVERSION = YES;
				CLANG_WARN_DEPRECATED_OBJC_IMPLEMENTATIONS = YES;
				CLANG_WARN_DIRECT_OBJC_ISA_USAGE = YES_ERROR;
				CLANG_WARN_DOCUMENTATION_COMMENTS = YES;
				CLANG_WARN_EMPTY_BODY = YES;
				CLANG_WARN_ENUM_CONVERSION = YES;
				CLANG_WARN_INFINITE_RECURSION = YES;
				CLANG_WARN_INT_CONVERSION = YES;
				CLANG_WARN_NON_LITERAL_NULL_CONVERSION = YES;
				CLANG_WARN_OBJC_IMPLICIT_RETAIN_SELF = YES;
				CLANG_WARN_OBJC_LITERAL_CONVERSION = YES;
				CLANG_WARN_OBJC_ROOT_CLASS = YES_ERROR;
				CLANG_WARN_QUOTED_INCLUDE_IN_FRAMEWORK_HEADER = YES;
				CLANG_WARN_RANGE_LOOP_ANALYSIS = YES;
				CLANG_WARN_STRICT_PROTOTYPES = YES;
				CLANG_WARN_SUSPICIOUS_MOVE = YES;
				CLANG_WARN_UNGUARDED_AVAILABILITY = YES_AGGRESSIVE;
				CLANG_WARN_UNREACHABLE_CODE = YES;
				CLANG_WARN__DUPLICATE_METHOD_MATCH = YES;
				COPY_PHASE_STRIP = NO;
				DEBUG_INFORMATION_FORMAT = dwarf;
				ENABLE_STRICT_OBJC_MSGSEND = YES;
				ENABLE_TESTABILITY = YES;
				GCC_C_LANGUAGE_STANDARD = gnu11;
				GCC_DYNAMIC_NO_PIC = NO;
				GCC_NO_COMMON_BLOCKS = YES;
				GCC_OPTIMIZATION_LEVEL = 0;
				GCC_PREPROCESSOR_DEFINITIONS = (
					"DEBUG=1",
					"$(inherited)",
				);
				GCC_WARN_64_TO_32_BIT_CONVERSION = YES;
				GCC_WARN_ABOUT_RETURN_TYPE = YES_ERROR;
				GCC_WARN_UNDECLARED_SELECTOR = YES;
				GCC_WARN_UNINITIALIZED_AUTOS = YES_AGGRESSIVE;
				GCC_WARN_UNUSED_FUNCTION = YES;
				GCC_WARN_UNUSED_VARIABLE = YES;
				IPHONEOS_DEPLOYMENT_TARGET = 16.1;
				MTL_ENABLE_DEBUG_INFO = INCLUDE_SOURCE;
				MTL_FAST_MATH = YES;
				ONLY_ACTIVE_ARCH = YES;
				SDKROOT = iphoneos;
				SWIFT_ACTIVE_COMPILATION_CONDITIONS = DEBUG;
				SWIFT_OPTIMIZATION_LEVEL = "-Onone";
			};
			name = Debug;
		};
		D516C0CB2A4EDCD2006CD3D6 /* Release */ = {
			isa = XCBuildConfiguration;
			buildSettings = {
				ALWAYS_SEARCH_USER_PATHS = NO;
				CLANG_ANALYZER_NONNULL = YES;
				CLANG_ANALYZER_NUMBER_OBJECT_CONVERSION = YES_AGGRESSIVE;
				CLANG_CXX_LANGUAGE_STANDARD = "gnu++20";
				CLANG_ENABLE_MODULES = YES;
				CLANG_ENABLE_OBJC_ARC = YES;
				CLANG_ENABLE_OBJC_WEAK = YES;
				CLANG_WARN_BLOCK_CAPTURE_AUTORELEASING = YES;
				CLANG_WARN_BOOL_CONVERSION = YES;
				CLANG_WARN_COMMA = YES;
				CLANG_WARN_CONSTANT_CONVERSION = YES;
				CLANG_WARN_DEPRECATED_OBJC_IMPLEMENTATIONS = YES;
				CLANG_WARN_DIRECT_OBJC_ISA_USAGE = YES_ERROR;
				CLANG_WARN_DOCUMENTATION_COMMENTS = YES;
				CLANG_WARN_EMPTY_BODY = YES;
				CLANG_WARN_ENUM_CONVERSION = YES;
				CLANG_WARN_INFINITE_RECURSION = YES;
				CLANG_WARN_INT_CONVERSION = YES;
				CLANG_WARN_NON_LITERAL_NULL_CONVERSION = YES;
				CLANG_WARN_OBJC_IMPLICIT_RETAIN_SELF = YES;
				CLANG_WARN_OBJC_LITERAL_CONVERSION = YES;
				CLANG_WARN_OBJC_ROOT_CLASS = YES_ERROR;
				CLANG_WARN_QUOTED_INCLUDE_IN_FRAMEWORK_HEADER = YES;
				CLANG_WARN_RANGE_LOOP_ANALYSIS = YES;
				CLANG_WARN_STRICT_PROTOTYPES = YES;
				CLANG_WARN_SUSPICIOUS_MOVE = YES;
				CLANG_WARN_UNGUARDED_AVAILABILITY = YES_AGGRESSIVE;
				CLANG_WARN_UNREACHABLE_CODE = YES;
				CLANG_WARN__DUPLICATE_METHOD_MATCH = YES;
				COPY_PHASE_STRIP = NO;
				DEBUG_INFORMATION_FORMAT = "dwarf-with-dsym";
				ENABLE_NS_ASSERTIONS = NO;
				ENABLE_STRICT_OBJC_MSGSEND = YES;
				GCC_C_LANGUAGE_STANDARD = gnu11;
				GCC_NO_COMMON_BLOCKS = YES;
				GCC_WARN_64_TO_32_BIT_CONVERSION = YES;
				GCC_WARN_ABOUT_RETURN_TYPE = YES_ERROR;
				GCC_WARN_UNDECLARED_SELECTOR = YES;
				GCC_WARN_UNINITIALIZED_AUTOS = YES_AGGRESSIVE;
				GCC_WARN_UNUSED_FUNCTION = YES;
				GCC_WARN_UNUSED_VARIABLE = YES;
				IPHONEOS_DEPLOYMENT_TARGET = 16.1;
				MTL_ENABLE_DEBUG_INFO = NO;
				MTL_FAST_MATH = YES;
				SDKROOT = iphoneos;
				SWIFT_COMPILATION_MODE = wholemodule;
				SWIFT_OPTIMIZATION_LEVEL = "-O";
				VALIDATE_PRODUCT = YES;
			};
			name = Release;
		};
		D516C0CD2A4EDCD2006CD3D6 /* Debug */ = {
			isa = XCBuildConfiguration;
			buildSettings = {
				ASSETCATALOG_COMPILER_APPICON_NAME = AppIcon;
				ASSETCATALOG_COMPILER_GLOBAL_ACCENT_COLOR_NAME = AccentColor;
				CODE_SIGN_STYLE = Automatic;
				CURRENT_PROJECT_VERSION = 1;
				DEVELOPMENT_TEAM = 2B5V8V2669;
				GENERATE_INFOPLIST_FILE = YES;
				INFOPLIST_FILE = JJTimes/Info.plist;
				INFOPLIST_KEY_UIApplicationSupportsIndirectInputEvents = YES;
				INFOPLIST_KEY_UILaunchStoryboardName = LaunchScreen;
				INFOPLIST_KEY_UIMainStoryboardFile = Main;
				INFOPLIST_KEY_UISupportedInterfaceOrientations_iPad = "UIInterfaceOrientationPortrait UIInterfaceOrientationPortraitUpsideDown UIInterfaceOrientationLandscapeLeft UIInterfaceOrientationLandscapeRight";
				INFOPLIST_KEY_UISupportedInterfaceOrientations_iPhone = "UIInterfaceOrientationPortrait UIInterfaceOrientationLandscapeLeft UIInterfaceOrientationLandscapeRight";
				IPHONEOS_DEPLOYMENT_TARGET = 16.0;
				LD_RUNPATH_SEARCH_PATHS = (
					"$(inherited)",
					"@executable_path/Frameworks",
				);
				MARKETING_VERSION = 1.0;
				PRODUCT_BUNDLE_IDENTIFIER = jeslin.JJTimes;
				PRODUCT_NAME = "$(TARGET_NAME)";
				SWIFT_EMIT_LOC_STRINGS = YES;
				SWIFT_VERSION = 5.0;
				TARGETED_DEVICE_FAMILY = "1,2";
			};
			name = Debug;
		};
		D516C0CE2A4EDCD2006CD3D6 /* Release */ = {
			isa = XCBuildConfiguration;
			buildSettings = {
				ASSETCATALOG_COMPILER_APPICON_NAME = AppIcon;
				ASSETCATALOG_COMPILER_GLOBAL_ACCENT_COLOR_NAME = AccentColor;
				CODE_SIGN_STYLE = Automatic;
				CURRENT_PROJECT_VERSION = 1;
				DEVELOPMENT_TEAM = 2B5V8V2669;
				GENERATE_INFOPLIST_FILE = YES;
				INFOPLIST_FILE = JJTimes/Info.plist;
				INFOPLIST_KEY_UIApplicationSupportsIndirectInputEvents = YES;
				INFOPLIST_KEY_UILaunchStoryboardName = LaunchScreen;
				INFOPLIST_KEY_UIMainStoryboardFile = Main;
				INFOPLIST_KEY_UISupportedInterfaceOrientations_iPad = "UIInterfaceOrientationPortrait UIInterfaceOrientationPortraitUpsideDown UIInterfaceOrientationLandscapeLeft UIInterfaceOrientationLandscapeRight";
				INFOPLIST_KEY_UISupportedInterfaceOrientations_iPhone = "UIInterfaceOrientationPortrait UIInterfaceOrientationLandscapeLeft UIInterfaceOrientationLandscapeRight";
				IPHONEOS_DEPLOYMENT_TARGET = 16.0;
				LD_RUNPATH_SEARCH_PATHS = (
					"$(inherited)",
					"@executable_path/Frameworks",
				);
				MARKETING_VERSION = 1.0;
				PRODUCT_BUNDLE_IDENTIFIER = jeslin.JJTimes;
				PRODUCT_NAME = "$(TARGET_NAME)";
				SWIFT_EMIT_LOC_STRINGS = YES;
				SWIFT_VERSION = 5.0;
				TARGETED_DEVICE_FAMILY = "1,2";
			};
			name = Release;
		};
		D516C0D02A4EDCD2006CD3D6 /* Debug */ = {
			isa = XCBuildConfiguration;
			buildSettings = {
				ALWAYS_EMBED_SWIFT_STANDARD_LIBRARIES = YES;
				BUNDLE_LOADER = "$(TEST_HOST)";
				CODE_SIGN_STYLE = Automatic;
				CURRENT_PROJECT_VERSION = 1;
				DEVELOPMENT_TEAM = 2B5V8V2669;
				GENERATE_INFOPLIST_FILE = YES;
				IPHONEOS_DEPLOYMENT_TARGET = 16.1;
				MARKETING_VERSION = 1.0;
				PRODUCT_BUNDLE_IDENTIFIER = jeslin.JJTimesTests;
				PRODUCT_NAME = "$(TARGET_NAME)";
				SWIFT_EMIT_LOC_STRINGS = NO;
				SWIFT_VERSION = 5.0;
				TARGETED_DEVICE_FAMILY = "1,2";
				TEST_HOST = "$(BUILT_PRODUCTS_DIR)/JJTimes.app/$(BUNDLE_EXECUTABLE_FOLDER_PATH)/JJTimes";
			};
			name = Debug;
		};
		D516C0D12A4EDCD2006CD3D6 /* Release */ = {
			isa = XCBuildConfiguration;
			buildSettings = {
				ALWAYS_EMBED_SWIFT_STANDARD_LIBRARIES = YES;
				BUNDLE_LOADER = "$(TEST_HOST)";
				CODE_SIGN_STYLE = Automatic;
				CURRENT_PROJECT_VERSION = 1;
				DEVELOPMENT_TEAM = 2B5V8V2669;
				GENERATE_INFOPLIST_FILE = YES;
				IPHONEOS_DEPLOYMENT_TARGET = 16.1;
				MARKETING_VERSION = 1.0;
				PRODUCT_BUNDLE_IDENTIFIER = jeslin.JJTimesTests;
				PRODUCT_NAME = "$(TARGET_NAME)";
				SWIFT_EMIT_LOC_STRINGS = NO;
				SWIFT_VERSION = 5.0;
				TARGETED_DEVICE_FAMILY = "1,2";
				TEST_HOST = "$(BUILT_PRODUCTS_DIR)/JJTimes.app/$(BUNDLE_EXECUTABLE_FOLDER_PATH)/JJTimes";
			};
			name = Release;
		};
		D516C0D32A4EDCD2006CD3D6 /* Debug */ = {
			isa = XCBuildConfiguration;
			buildSettings = {
				ALWAYS_EMBED_SWIFT_STANDARD_LIBRARIES = YES;
				CODE_SIGN_STYLE = Automatic;
				CURRENT_PROJECT_VERSION = 1;
				DEVELOPMENT_TEAM = 2B5V8V2669;
				GENERATE_INFOPLIST_FILE = YES;
				MARKETING_VERSION = 1.0;
				PRODUCT_BUNDLE_IDENTIFIER = jeslin.JJTimesUITests;
				PRODUCT_NAME = "$(TARGET_NAME)";
				SWIFT_EMIT_LOC_STRINGS = NO;
				SWIFT_VERSION = 5.0;
				TARGETED_DEVICE_FAMILY = "1,2";
				TEST_TARGET_NAME = JJTimes;
			};
			name = Debug;
		};
		D516C0D42A4EDCD2006CD3D6 /* Release */ = {
			isa = XCBuildConfiguration;
			buildSettings = {
				ALWAYS_EMBED_SWIFT_STANDARD_LIBRARIES = YES;
				CODE_SIGN_STYLE = Automatic;
				CURRENT_PROJECT_VERSION = 1;
				DEVELOPMENT_TEAM = 2B5V8V2669;
				GENERATE_INFOPLIST_FILE = YES;
				MARKETING_VERSION = 1.0;
				PRODUCT_BUNDLE_IDENTIFIER = jeslin.JJTimesUITests;
				PRODUCT_NAME = "$(TARGET_NAME)";
				SWIFT_EMIT_LOC_STRINGS = NO;
				SWIFT_VERSION = 5.0;
				TARGETED_DEVICE_FAMILY = "1,2";
				TEST_TARGET_NAME = JJTimes;
			};
			name = Release;
		};
/* End XCBuildConfiguration section */

/* Begin XCConfigurationList section */
		D516C09D2A4EDCD1006CD3D6 /* Build configuration list for PBXProject "JJTimes" */ = {
			isa = XCConfigurationList;
			buildConfigurations = (
				D516C0CA2A4EDCD2006CD3D6 /* Debug */,
				D516C0CB2A4EDCD2006CD3D6 /* Release */,
			);
			defaultConfigurationIsVisible = 0;
			defaultConfigurationName = Release;
		};
		D516C0CC2A4EDCD2006CD3D6 /* Build configuration list for PBXNativeTarget "JJTimes" */ = {
			isa = XCConfigurationList;
			buildConfigurations = (
				D516C0CD2A4EDCD2006CD3D6 /* Debug */,
				D516C0CE2A4EDCD2006CD3D6 /* Release */,
			);
			defaultConfigurationIsVisible = 0;
			defaultConfigurationName = Release;
		};
		D516C0CF2A4EDCD2006CD3D6 /* Build configuration list for PBXNativeTarget "JJTimesTests" */ = {
			isa = XCConfigurationList;
			buildConfigurations = (
				D516C0D02A4EDCD2006CD3D6 /* Debug */,
				D516C0D12A4EDCD2006CD3D6 /* Release */,
			);
			defaultConfigurationIsVisible = 0;
			defaultConfigurationName = Release;
		};
		D516C0D22A4EDCD2006CD3D6 /* Build configuration list for PBXNativeTarget "JJTimesUITests" */ = {
			isa = XCConfigurationList;
			buildConfigurations = (
				D516C0D32A4EDCD2006CD3D6 /* Debug */,
				D516C0D42A4EDCD2006CD3D6 /* Release */,
			);
			defaultConfigurationIsVisible = 0;
			defaultConfigurationName = Release;
		};
/* End XCConfigurationList section */
	};
	rootObject = D516C09A2A4EDCD1006CD3D6 /* Project object */;
}
