// !$*UTF8*$!
{
	archiveVersion = 1;
	classes = {
	};
	objectVersion = 56;
	objects = {

/* Begin PBXBuildFile section */
		98B0C1EF3FDC44A727F2661F /* Pods_JJTimes.framework in Frameworks */ = {isa = PBXBuildFile; fileRef = 8006A15B9AE0C15BD9A06D8F /* Pods_JJTimes.framework */; };
		9C798EEFE99DB93486D429B9 /* Pods_JJTimesTests.framework in Frameworks */ = {isa = PBXBuildFile; fileRef = 756D5A403FC33ABE449A2723 /* Pods_JJTimesTests.framework */; };
		D516C0A62A4EDCD1006CD3D6 /* AppDelegate.swift in Sources */ = {isa = PBXBuildFile; fileRef = D516C0A52A4EDCD1006CD3D6 /* AppDelegate.swift */; };
		D516C0A82A4EDCD1006CD3D6 /* SceneDelegate.swift in Sources */ = {isa = PBXBuildFile; fileRef = D516C0A72A4EDCD1006CD3D6 /* SceneDelegate.swift */; };
		D516C0AF2A4EDCD2006CD3D6 /* Assets.xcassets in Resources */ = {isa = PBXBuildFile; fileRef = D516C0AE2A4EDCD2006CD3D6 /* Assets.xcassets */; };
		D516C0B22A4EDCD2006CD3D6 /* LaunchScreen.storyboard in Resources */ = {isa = PBXBuildFile; fileRef = D516C0B02A4EDCD2006CD3D6 /* LaunchScreen.storyboard */; };
		D516C0BD2A4EDCD2006CD3D6 /* JJTimesTests.swift in Sources */ = {isa = PBXBuildFile; fileRef = D516C0BC2A4EDCD2006CD3D6 /* JJTimesTests.swift */; };
		D516C0C72A4EDCD2006CD3D6 /* JJTimesUITests.swift in Sources */ = {isa = PBXBuildFile; fileRef = D516C0C62A4EDCD2006CD3D6 /* JJTimesUITests.swift */; };
		D516C0C92A4EDCD2006CD3D6 /* JJTimesUITestsLaunchTests.swift in Sources */ = {isa = PBXBuildFile; fileRef = D516C0C82A4EDCD2006CD3D6 /* JJTimesUITestsLaunchTests.swift */; };
		D516C0D62A4EE47A006CD3D6 /* JJBookListVC.swift in Sources */ = {isa = PBXBuildFile; fileRef = D516C0D52A4EE47A006CD3D6 /* JJBookListVC.swift */; };
		D516C0D82A4EE49A006CD3D6 /* JJBooksView.swift in Sources */ = {isa = PBXBuildFile; fileRef = D516C0D72A4EE49A006CD3D6 /* JJBooksView.swift */; };
		D516C0DA2A5170BC006CD3D6 /* UIView+Extension.swift in Sources */ = {isa = PBXBuildFile; fileRef = D516C0D92A5170BC006CD3D6 /* UIView+Extension.swift */; };
		D516C0DC2A5172C8006CD3D6 /* JJBookTVC.swift in Sources */ = {isa = PBXBuildFile; fileRef = D516C0DB2A5172C8006CD3D6 /* JJBookTVC.swift */; };
		D516C0DE2A530713006CD3D6 /* JJBooksModel.swift in Sources */ = {isa = PBXBuildFile; fileRef = D516C0DD2A530713006CD3D6 /* JJBooksModel.swift */; };
		D516C0E02A5308C8006CD3D6 /* JJBooksViewModel.swift in Sources */ = {isa = PBXBuildFile; fileRef = D516C0DF2A5308C8006CD3D6 /* JJBooksViewModel.swift */; };
		D516C0E22A5309B9006CD3D6 /* JJRepository.swift in Sources */ = {isa = PBXBuildFile; fileRef = D516C0E12A5309B9006CD3D6 /* JJRepository.swift */; };
		D516C0E42A530A48006CD3D6 /* JJBooksRepository.swift in Sources */ = {isa = PBXBuildFile; fileRef = D516C0E32A530A48006CD3D6 /* JJBooksRepository.swift */; };
		D516C0E62A530A8E006CD3D6 /* JJNetworkClient.swift in Sources */ = {isa = PBXBuildFile; fileRef = D516C0E52A530A8E006CD3D6 /* JJNetworkClient.swift */; };
		D516C0E82A530AE0006CD3D6 /* JJCache.swift in Sources */ = {isa = PBXBuildFile; fileRef = D516C0E72A530AE0006CD3D6 /* JJCache.swift */; };
		D516C0EA2A530B1C006CD3D6 /* JJURLWrapper.swift in Sources */ = {isa = PBXBuildFile; fileRef = D516C0E92A530B1C006CD3D6 /* JJURLWrapper.swift */; };
		D516C0EC2A530BC6006CD3D6 /* JJAppConfiguration.swift in Sources */ = {isa = PBXBuildFile; fileRef = D516C0EB2A530BC6006CD3D6 /* JJAppConfiguration.swift */; };
		D516C0EE2A530C09006CD3D6 /* JJReachability.swift in Sources */ = {isa = PBXBuildFile; fileRef = D516C0ED2A530C09006CD3D6 /* JJReachability.swift */; };
		D516C0F02A530C4D006CD3D6 /* JJNetworkClientImpl.swift in Sources */ = {isa = PBXBuildFile; fileRef = D516C0EF2A530C4D006CD3D6 /* JJNetworkClientImpl.swift */; };
		D516C0F22A5316D7006CD3D6 /* JJDispatchQueueType.swift in Sources */ = {isa = PBXBuildFile; fileRef = D516C0F12A5316D7006CD3D6 /* JJDispatchQueueType.swift */; };
		D516C0F42A53357A006CD3D6 /* UITableView+Extension.swift in Sources */ = {isa = PBXBuildFile; fileRef = D516C0F32A53357A006CD3D6 /* UITableView+Extension.swift */; };
		D516C0F62A5335B9006CD3D6 /* UITableViewCell+Extension.swift in Sources */ = {isa = PBXBuildFile; fileRef = D516C0F52A5335B9006CD3D6 /* UITableViewCell+Extension.swift */; };
		D516C0FA2A55BC96006CD3D6 /* DispatchQueue+Extension.swift in Sources */ = {isa = PBXBuildFile; fileRef = D516C0F92A55BC96006CD3D6 /* DispatchQueue+Extension.swift */; };
		D516C0FD2A55BEB9006CD3D6 /* SDWebImage in Frameworks */ = {isa = PBXBuildFile; productRef = D516C0FC2A55BEB9006CD3D6 /* SDWebImage */; };
		D516C10D2A599122006CD3D6 /* JJBooksCategoriesModel.swift in Sources */ = {isa = PBXBuildFile; fileRef = D516C10C2A599122006CD3D6 /* JJBooksCategoriesModel.swift */; };
		D516C1112A5AA663006CD3D6 /* JJBookDetailVC.swift in Sources */ = {isa = PBXBuildFile; fileRef = D516C1102A5AA663006CD3D6 /* JJBookDetailVC.swift */; };
		D516C1132A5AA761006CD3D6 /* JJBookDetailView.swift in Sources */ = {isa = PBXBuildFile; fileRef = D516C1122A5AA761006CD3D6 /* JJBookDetailView.swift */; };
		D516C1152A5AB364006CD3D6 /* JJBookDetailViewModel.swift in Sources */ = {isa = PBXBuildFile; fileRef = D516C1142A5AB364006CD3D6 /* JJBookDetailViewModel.swift */; };
		D516C1172A5AB605006CD3D6 /* JJBookDetailModel.swift in Sources */ = {isa = PBXBuildFile; fileRef = D516C1162A5AB605006CD3D6 /* JJBookDetailModel.swift */; };
		F40B740A3CC748A249C3E56D /* Pods_JJTimes_JJTimesUITests.framework in Frameworks */ = {isa = PBXBuildFile; fileRef = BFC995F8CF1ADADB73043847 /* Pods_JJTimes_JJTimesUITests.framework */; };
/* End PBXBuildFile section */

/* Begin PBXContainerItemProxy section */
		D516C0B92A4EDCD2006CD3D6 /* PBXContainerItemProxy */ = {
			isa = PBXContainerItemProxy;
			containerPortal = D516C09A2A4EDCD1006CD3D6 /* Project object */;
			proxyType = 1;
			remoteGlobalIDString = D516C0A12A4EDCD1006CD3D6;
			remoteInfo = JJTimes;
		};
		D516C0C32A4EDCD2006CD3D6 /* PBXContainerItemProxy */ = {
			isa = PBXContainerItemProxy;
			containerPortal = D516C09A2A4EDCD1006CD3D6 /* Project object */;
			proxyType = 1;
			remoteGlobalIDString = D516C0A12A4EDCD1006CD3D6;
			remoteInfo = JJTimes;
		};
/* End PBXContainerItemProxy section */

/* Begin PBXFileReference section */
		6FA6192BEB182156F7CABE25 /* Pods-JJTimesTests.release.xcconfig */ = {isa = PBXFileReference; includeInIndex = 1; lastKnownFileType = text.xcconfig; name = "Pods-JJTimesTests.release.xcconfig"; path = "Target Support Files/Pods-JJTimesTests/Pods-JJTimesTests.release.xcconfig"; sourceTree = "<group>"; };
		756D5A403FC33ABE449A2723 /* Pods_JJTimesTests.framework */ = {isa = PBXFileReference; explicitFileType = wrapper.framework; includeInIndex = 0; path = Pods_JJTimesTests.framework; sourceTree = BUILT_PRODUCTS_DIR; };
		8006A15B9AE0C15BD9A06D8F /* Pods_JJTimes.framework */ = {isa = PBXFileReference; explicitFileType = wrapper.framework; includeInIndex = 0; path = Pods_JJTimes.framework; sourceTree = BUILT_PRODUCTS_DIR; };
		83EA0B82D5600A15D43C71FB /* Pods-JJTimes-JJTimesUITests.release.xcconfig */ = {isa = PBXFileReference; includeInIndex = 1; lastKnownFileType = text.xcconfig; name = "Pods-JJTimes-JJTimesUITests.release.xcconfig"; path = "Target Support Files/Pods-JJTimes-JJTimesUITests/Pods-JJTimes-JJTimesUITests.release.xcconfig"; sourceTree = "<group>"; };
		86F99D6E7A1A9BD5570811B4 /* Pods-JJTimes.debug.xcconfig */ = {isa = PBXFileReference; includeInIndex = 1; lastKnownFileType = text.xcconfig; name = "Pods-JJTimes.debug.xcconfig"; path = "Target Support Files/Pods-JJTimes/Pods-JJTimes.debug.xcconfig"; sourceTree = "<group>"; };
		BFC995F8CF1ADADB73043847 /* Pods_JJTimes_JJTimesUITests.framework */ = {isa = PBXFileReference; explicitFileType = wrapper.framework; includeInIndex = 0; path = Pods_JJTimes_JJTimesUITests.framework; sourceTree = BUILT_PRODUCTS_DIR; };
		C02A96910EAB6C059B655D5E /* Pods-JJTimes.release.xcconfig */ = {isa = PBXFileReference; includeInIndex = 1; lastKnownFileType = text.xcconfig; name = "Pods-JJTimes.release.xcconfig"; path = "Target Support Files/Pods-JJTimes/Pods-JJTimes.release.xcconfig"; sourceTree = "<group>"; };
		C47B37C0A31F2E9E8FD16A69 /* Pods-JJTimes-JJTimesUITests.debug.xcconfig */ = {isa = PBXFileReference; includeInIndex = 1; lastKnownFileType = text.xcconfig; name = "Pods-JJTimes-JJTimesUITests.debug.xcconfig"; path = "Target Support Files/Pods-JJTimes-JJTimesUITests/Pods-JJTimes-JJTimesUITests.debug.xcconfig"; sourceTree = "<group>"; };
		D516C0A22A4EDCD1006CD3D6 /* JJTimes.app */ = {isa = PBXFileReference; explicitFileType = wrapper.application; includeInIndex = 0; path = JJTimes.app; sourceTree = BUILT_PRODUCTS_DIR; };
		D516C0A52A4EDCD1006CD3D6 /* AppDelegate.swift */ = {isa = PBXFileReference; lastKnownFileType = sourcecode.swift; path = AppDelegate.swift; sourceTree = "<group>"; };
		D516C0A72A4EDCD1006CD3D6 /* SceneDelegate.swift */ = {isa = PBXFileReference; lastKnownFileType = sourcecode.swift; path = SceneDelegate.swift; sourceTree = "<group>"; };
		D516C0AE2A4EDCD2006CD3D6 /* Assets.xcassets */ = {isa = PBXFileReference; lastKnownFileType = folder.assetcatalog; path = Assets.xcassets; sourceTree = "<group>"; };
		D516C0B12A4EDCD2006CD3D6 /* Base */ = {isa = PBXFileReference; lastKnownFileType = file.storyboard; name = Base; path = Base.lproj/LaunchScreen.storyboard; sourceTree = "<group>"; };
		D516C0B32A4EDCD2006CD3D6 /* Info.plist */ = {isa = PBXFileReference; lastKnownFileType = text.plist.xml; path = Info.plist; sourceTree = "<group>"; };
		D516C0B82A4EDCD2006CD3D6 /* JJTimesTests.xctest */ = {isa = PBXFileReference; explicitFileType = wrapper.cfbundle; includeInIndex = 0; path = JJTimesTests.xctest; sourceTree = BUILT_PRODUCTS_DIR; };
		D516C0BC2A4EDCD2006CD3D6 /* JJTimesTests.swift */ = {isa = PBXFileReference; lastKnownFileType = sourcecode.swift; path = JJTimesTests.swift; sourceTree = "<group>"; };
		D516C0C22A4EDCD2006CD3D6 /* JJTimesUITests.xctest */ = {isa = PBXFileReference; explicitFileType = wrapper.cfbundle; includeInIndex = 0; path = JJTimesUITests.xctest; sourceTree = BUILT_PRODUCTS_DIR; };
		D516C0C62A4EDCD2006CD3D6 /* JJTimesUITests.swift */ = {isa = PBXFileReference; lastKnownFileType = sourcecode.swift; path = JJTimesUITests.swift; sourceTree = "<group>"; };
		D516C0C82A4EDCD2006CD3D6 /* JJTimesUITestsLaunchTests.swift */ = {isa = PBXFileReference; lastKnownFileType = sourcecode.swift; path = JJTimesUITestsLaunchTests.swift; sourceTree = "<group>"; };
		D516C0D52A4EE47A006CD3D6 /* JJBookListVC.swift */ = {isa = PBXFileReference; lastKnownFileType = sourcecode.swift; path = JJBookListVC.swift; sourceTree = "<group>"; };
		D516C0D72A4EE49A006CD3D6 /* JJBooksView.swift */ = {isa = PBXFileReference; lastKnownFileType = sourcecode.swift; path = JJBooksView.swift; sourceTree = "<group>"; };
		D516C0D92A5170BC006CD3D6 /* UIView+Extension.swift */ = {isa = PBXFileReference; lastKnownFileType = sourcecode.swift; path = "UIView+Extension.swift"; sourceTree = "<group>"; };
		D516C0DB2A5172C8006CD3D6 /* JJBookTVC.swift */ = {isa = PBXFileReference; lastKnownFileType = sourcecode.swift; path = JJBookTVC.swift; sourceTree = "<group>"; };
		D516C0DD2A530713006CD3D6 /* JJBooksModel.swift */ = {isa = PBXFileReference; lastKnownFileType = sourcecode.swift; path = JJBooksModel.swift; sourceTree = "<group>"; };
		D516C0DF2A5308C8006CD3D6 /* JJBooksViewModel.swift */ = {isa = PBXFileReference; lastKnownFileType = sourcecode.swift; path = JJBooksViewModel.swift; sourceTree = "<group>"; };
		D516C0E12A5309B9006CD3D6 /* JJRepository.swift */ = {isa = PBXFileReference; lastKnownFileType = sourcecode.swift; path = JJRepository.swift; sourceTree = "<group>"; };
		D516C0E32A530A48006CD3D6 /* JJBooksRepository.swift */ = {isa = PBXFileReference; lastKnownFileType = sourcecode.swift; path = JJBooksRepository.swift; sourceTree = "<group>"; };
		D516C0E52A530A8E006CD3D6 /* JJNetworkClient.swift */ = {isa = PBXFileReference; lastKnownFileType = sourcecode.swift; path = JJNetworkClient.swift; sourceTree = "<group>"; };
		D516C0E72A530AE0006CD3D6 /* JJCache.swift */ = {isa = PBXFileReference; lastKnownFileType = sourcecode.swift; path = JJCache.swift; sourceTree = "<group>"; };
		D516C0E92A530B1C006CD3D6 /* JJURLWrapper.swift */ = {isa = PBXFileReference; lastKnownFileType = sourcecode.swift; path = JJURLWrapper.swift; sourceTree = "<group>"; };
		D516C0EB2A530BC6006CD3D6 /* JJAppConfiguration.swift */ = {isa = PBXFileReference; lastKnownFileType = sourcecode.swift; path = JJAppConfiguration.swift; sourceTree = "<group>"; };
		D516C0ED2A530C09006CD3D6 /* JJReachability.swift */ = {isa = PBXFileReference; lastKnownFileType = sourcecode.swift; path = JJReachability.swift; sourceTree = "<group>"; };
		D516C0EF2A530C4D006CD3D6 /* JJNetworkClientImpl.swift */ = {isa = PBXFileReference; lastKnownFileType = sourcecode.swift; path = JJNetworkClientImpl.swift; sourceTree = "<group>"; };
		D516C0F12A5316D7006CD3D6 /* JJDispatchQueueType.swift */ = {isa = PBXFileReference; lastKnownFileType = sourcecode.swift; path = JJDispatchQueueType.swift; sourceTree = "<group>"; };
		D516C0F32A53357A006CD3D6 /* UITableView+Extension.swift */ = {isa = PBXFileReference; lastKnownFileType = sourcecode.swift; path = "UITableView+Extension.swift"; sourceTree = "<group>"; };
		D516C0F52A5335B9006CD3D6 /* UITableViewCell+Extension.swift */ = {isa = PBXFileReference; lastKnownFileType = sourcecode.swift; path = "UITableViewCell+Extension.swift"; sourceTree = "<group>"; };
		D516C0F92A55BC96006CD3D6 /* DispatchQueue+Extension.swift */ = {isa = PBXFileReference; lastKnownFileType = sourcecode.swift; path = "DispatchQueue+Extension.swift"; sourceTree = "<group>"; };
		D516C10C2A599122006CD3D6 /* JJBooksCategoriesModel.swift */ = {isa = PBXFileReference; lastKnownFileType = sourcecode.swift; path = JJBooksCategoriesModel.swift; sourceTree = "<group>"; };
		D516C1102A5AA663006CD3D6 /* JJBookDetailVC.swift */ = {isa = PBXFileReference; lastKnownFileType = sourcecode.swift; path = JJBookDetailVC.swift; sourceTree = "<group>"; };
		D516C1122A5AA761006CD3D6 /* JJBookDetailView.swift */ = {isa = PBXFileReference; lastKnownFileType = sourcecode.swift; path = JJBookDetailView.swift; sourceTree = "<group>"; };
		D516C1142A5AB364006CD3D6 /* JJBookDetailViewModel.swift */ = {isa = PBXFileReference; lastKnownFileType = sourcecode.swift; path = JJBookDetailViewModel.swift; sourceTree = "<group>"; };
		D516C1162A5AB605006CD3D6 /* JJBookDetailModel.swift */ = {isa = PBXFileReference; lastKnownFileType = sourcecode.swift; path = JJBookDetailModel.swift; sourceTree = "<group>"; };
		ED245B6B61BC64CABCC74479 /* Pods-JJTimesTests.debug.xcconfig */ = {isa = PBXFileReference; includeInIndex = 1; lastKnownFileType = text.xcconfig; name = "Pods-JJTimesTests.debug.xcconfig"; path = "Target Support Files/Pods-JJTimesTests/Pods-JJTimesTests.debug.xcconfig"; sourceTree = "<group>"; };
/* End PBXFileReference section */

/* Begin PBXFrameworksBuildPhase section */
		D516C09F2A4EDCD1006CD3D6 /* Frameworks */ = {
			isa = PBXFrameworksBuildPhase;
			buildActionMask = 2147483647;
			files = (
				D516C0FD2A55BEB9006CD3D6 /* SDWebImage in Frameworks */,
				98B0C1EF3FDC44A727F2661F /* Pods_JJTimes.framework in Frameworks */,
			);
			runOnlyForDeploymentPostprocessing = 0;
		};
		D516C0B52A4EDCD2006CD3D6 /* Frameworks */ = {
			isa = PBXFrameworksBuildPhase;
			buildActionMask = 2147483647;
			files = (
				9C798EEFE99DB93486D429B9 /* Pods_JJTimesTests.framework in Frameworks */,
			);
			runOnlyForDeploymentPostprocessing = 0;
		};
		D516C0BF2A4EDCD2006CD3D6 /* Frameworks */ = {
			isa = PBXFrameworksBuildPhase;
			buildActionMask = 2147483647;
			files = (
				F40B740A3CC748A249C3E56D /* Pods_JJTimes_JJTimesUITests.framework in Frameworks */,
			);
			runOnlyForDeploymentPostprocessing = 0;
		};
/* End PBXFrameworksBuildPhase section */

/* Begin PBXGroup section */
		CE20B67F24C2716B196B1A5B /* Pods */ = {
			isa = PBXGroup;
			children = (
				86F99D6E7A1A9BD5570811B4 /* Pods-JJTimes.debug.xcconfig */,
				C02A96910EAB6C059B655D5E /* Pods-JJTimes.release.xcconfig */,
				C47B37C0A31F2E9E8FD16A69 /* Pods-JJTimes-JJTimesUITests.debug.xcconfig */,
				83EA0B82D5600A15D43C71FB /* Pods-JJTimes-JJTimesUITests.release.xcconfig */,
				ED245B6B61BC64CABCC74479 /* Pods-JJTimesTests.debug.xcconfig */,
				6FA6192BEB182156F7CABE25 /* Pods-JJTimesTests.release.xcconfig */,
			);
			path = Pods;
			sourceTree = "<group>";
		};
		D26DD2D0211737F4AB7E3A7A /* Frameworks */ = {
			isa = PBXGroup;
			children = (
				8006A15B9AE0C15BD9A06D8F /* Pods_JJTimes.framework */,
				BFC995F8CF1ADADB73043847 /* Pods_JJTimes_JJTimesUITests.framework */,
				756D5A403FC33ABE449A2723 /* Pods_JJTimesTests.framework */,
			);
			name = Frameworks;
			sourceTree = "<group>";
		};
		D516C0992A4EDCD1006CD3D6 = {
			isa = PBXGroup;
			children = (
				D516C0A42A4EDCD1006CD3D6 /* JJTimes */,
				D516C0BB2A4EDCD2006CD3D6 /* JJTimesTests */,
				D516C0C52A4EDCD2006CD3D6 /* JJTimesUITests */,
				D516C0A32A4EDCD1006CD3D6 /* Products */,
				CE20B67F24C2716B196B1A5B /* Pods */,
				D26DD2D0211737F4AB7E3A7A /* Frameworks */,
			);
			sourceTree = "<group>";
		};
		D516C0A32A4EDCD1006CD3D6 /* Products */ = {
			isa = PBXGroup;
			children = (
				D516C0A22A4EDCD1006CD3D6 /* JJTimes.app */,
				D516C0B82A4EDCD2006CD3D6 /* JJTimesTests.xctest */,
				D516C0C22A4EDCD2006CD3D6 /* JJTimesUITests.xctest */,
			);
			name = Products;
			sourceTree = "<group>";
		};
		D516C0A42A4EDCD1006CD3D6 /* JJTimes */ = {
			isa = PBXGroup;
			children = (
				D516C0FE2A596E24006CD3D6 /* App */,
				D516C0FF2A596E2D006CD3D6 /* AppConfiguration */,
				D516C1002A596E5F006CD3D6 /* Scenes */,
				D516C1082A596EEC006CD3D6 /* Repository */,
				D516C10B2A596F2F006CD3D6 /* Network */,
				D516C1092A596F0C006CD3D6 /* Utils */,
				D516C10A2A596F19006CD3D6 /* Extension */,
				D516C0AE2A4EDCD2006CD3D6 /* Assets.xcassets */,
				D516C0B02A4EDCD2006CD3D6 /* LaunchScreen.storyboard */,
				D516C0B32A4EDCD2006CD3D6 /* Info.plist */,
			);
			path = JJTimes;
			sourceTree = "<group>";
		};
		D516C0BB2A4EDCD2006CD3D6 /* JJTimesTests */ = {
			isa = PBXGroup;
			children = (
				D516C0BC2A4EDCD2006CD3D6 /* JJTimesTests.swift */,
			);
			path = JJTimesTests;
			sourceTree = "<group>";
		};
		D516C0C52A4EDCD2006CD3D6 /* JJTimesUITests */ = {
			isa = PBXGroup;
			children = (
				D516C0C62A4EDCD2006CD3D6 /* JJTimesUITests.swift */,
				D516C0C82A4EDCD2006CD3D6 /* JJTimesUITestsLaunchTests.swift */,
			);
			path = JJTimesUITests;
			sourceTree = "<group>";
		};
		D516C0FE2A596E24006CD3D6 /* App */ = {
			isa = PBXGroup;
			children = (
				D516C0A52A4EDCD1006CD3D6 /* AppDelegate.swift */,
				D516C0A72A4EDCD1006CD3D6 /* SceneDelegate.swift */,
			);
			path = App;
			sourceTree = "<group>";
		};
		D516C0FF2A596E2D006CD3D6 /* AppConfiguration */ = {
			isa = PBXGroup;
			children = (
				D516C0EB2A530BC6006CD3D6 /* JJAppConfiguration.swift */,
			);
			path = AppConfiguration;
			sourceTree = "<group>";
		};
		D516C1002A596E5F006CD3D6 /* Scenes */ = {
			isa = PBXGroup;
			children = (
				D516C1012A596E77006CD3D6 /* BooksListScene */,
				D516C1102A5AA663006CD3D6 /* JJBookDetailVC.swift */,
				D516C1122A5AA761006CD3D6 /* JJBookDetailView.swift */,
				D516C1142A5AB364006CD3D6 /* JJBookDetailViewModel.swift */,
				D516C1162A5AB605006CD3D6 /* JJBookDetailModel.swift */,
			);
			path = Scenes;
			sourceTree = "<group>";
		};
		D516C1012A596E77006CD3D6 /* BooksListScene */ = {
			isa = PBXGroup;
			children = (
				D516C1042A596EA0006CD3D6 /* View */,
				D516C1022A596E8C006CD3D6 /* Model */,
				D516C1032A596E92006CD3D6 /* ViewModel */,
			);
			path = BooksListScene;
			sourceTree = "<group>";
		};
		D516C1022A596E8C006CD3D6 /* Model */ = {
			isa = PBXGroup;
			children = (
				D516C0DD2A530713006CD3D6 /* JJBooksModel.swift */,
				D516C10C2A599122006CD3D6 /* JJBooksCategoriesModel.swift */,
			);
			path = Model;
			sourceTree = "<group>";
		};
		D516C1032A596E92006CD3D6 /* ViewModel */ = {
			isa = PBXGroup;
			children = (
				D516C0DF2A5308C8006CD3D6 /* JJBooksViewModel.swift */,
			);
			path = ViewModel;
			sourceTree = "<group>";
		};
		D516C1042A596EA0006CD3D6 /* View */ = {
			isa = PBXGroup;
			children = (
				D516C1052A596EA7006CD3D6 /* Controller */,
				D516C1062A596EC4006CD3D6 /* View */,
				D516C1072A596ECA006CD3D6 /* Cells */,
			);
			path = View;
			sourceTree = "<group>";
		};
		D516C1052A596EA7006CD3D6 /* Controller */ = {
			isa = PBXGroup;
			children = (
				D516C0D52A4EE47A006CD3D6 /* JJBookListVC.swift */,
			);
			path = Controller;
			sourceTree = "<group>";
		};
		D516C1062A596EC4006CD3D6 /* View */ = {
			isa = PBXGroup;
			children = (
				D516C0D72A4EE49A006CD3D6 /* JJBooksView.swift */,
			);
			path = View;
			sourceTree = "<group>";
		};
		D516C1072A596ECA006CD3D6 /* Cells */ = {
			isa = PBXGroup;
			children = (
				D516C0DB2A5172C8006CD3D6 /* JJBookTVC.swift */,
			);
			path = Cells;
			sourceTree = "<group>";
		};
		D516C1082A596EEC006CD3D6 /* Repository */ = {
			isa = PBXGroup;
			children = (
				D516C0E12A5309B9006CD3D6 /* JJRepository.swift */,
				D516C0E32A530A48006CD3D6 /* JJBooksRepository.swift */,
			);
			path = Repository;
			sourceTree = "<group>";
		};
		D516C1092A596F0C006CD3D6 /* Utils */ = {
			isa = PBXGroup;
			children = (
				D516C0E92A530B1C006CD3D6 /* JJURLWrapper.swift */,
				D516C0E72A530AE0006CD3D6 /* JJCache.swift */,
				D516C0ED2A530C09006CD3D6 /* JJReachability.swift */,
				D516C0F12A5316D7006CD3D6 /* JJDispatchQueueType.swift */,
			);
			path = Utils;
			sourceTree = "<group>";
		};
		D516C10A2A596F19006CD3D6 /* Extension */ = {
			isa = PBXGroup;
			children = (
				D516C0D92A5170BC006CD3D6 /* UIView+Extension.swift */,
				D516C0F32A53357A006CD3D6 /* UITableView+Extension.swift */,
				D516C0F52A5335B9006CD3D6 /* UITableViewCell+Extension.swift */,
				D516C0F92A55BC96006CD3D6 /* DispatchQueue+Extension.swift */,
			);
			path = Extension;
			sourceTree = "<group>";
		};
		D516C10B2A596F2F006CD3D6 /* Network */ = {
			isa = PBXGroup;
			children = (
				D516C0E52A530A8E006CD3D6 /* JJNetworkClient.swift */,
				D516C0EF2A530C4D006CD3D6 /* JJNetworkClientImpl.swift */,
			);
			path = Network;
			sourceTree = "<group>";
		};
/* End PBXGroup section */

/* Begin PBXNativeTarget section */
		D516C0A12A4EDCD1006CD3D6 /* JJTimes */ = {
			isa = PBXNativeTarget;
			buildConfigurationList = D516C0CC2A4EDCD2006CD3D6 /* Build configuration list for PBXNativeTarget "JJTimes" */;
			buildPhases = (
				ABDB2FBCEE2008680512057E /* [CP] Check Pods Manifest.lock */,
				D516C09E2A4EDCD1006CD3D6 /* Sources */,
				D516C09F2A4EDCD1006CD3D6 /* Frameworks */,
				D516C0A02A4EDCD1006CD3D6 /* Resources */,
				EA31D4224C821BF28CAE7089 /* [CP] Embed Pods Frameworks */,
			);
			buildRules = (
			);
			dependencies = (
			);
			name = JJTimes;
			packageProductDependencies = (
				D516C0FC2A55BEB9006CD3D6 /* SDWebImage */,
			);
			productName = JJTimes;
			productReference = D516C0A22A4EDCD1006CD3D6 /* JJTimes.app */;
			productType = "com.apple.product-type.application";
		};
		D516C0B72A4EDCD2006CD3D6 /* JJTimesTests */ = {
			isa = PBXNativeTarget;
			buildConfigurationList = D516C0CF2A4EDCD2006CD3D6 /* Build configuration list for PBXNativeTarget "JJTimesTests" */;
			buildPhases = (
				E237517CC3865375F7240555 /* [CP] Check Pods Manifest.lock */,
				D516C0B42A4EDCD2006CD3D6 /* Sources */,
				D516C0B52A4EDCD2006CD3D6 /* Frameworks */,
				D516C0B62A4EDCD2006CD3D6 /* Resources */,
			);
			buildRules = (
			);
			dependencies = (
				D516C0BA2A4EDCD2006CD3D6 /* PBXTargetDependency */,
			);
			name = JJTimesTests;
			productName = JJTimesTests;
			productReference = D516C0B82A4EDCD2006CD3D6 /* JJTimesTests.xctest */;
			productType = "com.apple.product-type.bundle.unit-test";
		};
		D516C0C12A4EDCD2006CD3D6 /* JJTimesUITests */ = {
			isa = PBXNativeTarget;
			buildConfigurationList = D516C0D22A4EDCD2006CD3D6 /* Build configuration list for PBXNativeTarget "JJTimesUITests" */;
			buildPhases = (
				BA8C8F179B777F951A27F4AD /* [CP] Check Pods Manifest.lock */,
				D516C0BE2A4EDCD2006CD3D6 /* Sources */,
				D516C0BF2A4EDCD2006CD3D6 /* Frameworks */,
				D516C0C02A4EDCD2006CD3D6 /* Resources */,
				CC9C45A664F8B5D09FF57F44 /* [CP] Embed Pods Frameworks */,
			);
			buildRules = (
			);
			dependencies = (
				D516C0C42A4EDCD2006CD3D6 /* PBXTargetDependency */,
			);
			name = JJTimesUITests;
			productName = JJTimesUITests;
			productReference = D516C0C22A4EDCD2006CD3D6 /* JJTimesUITests.xctest */;
			productType = "com.apple.product-type.bundle.ui-testing";
		};
/* End PBXNativeTarget section */

/* Begin PBXProject section */
		D516C09A2A4EDCD1006CD3D6 /* Project object */ = {
			isa = PBXProject;
			attributes = {
				BuildIndependentTargetsInParallel = 1;
				LastSwiftUpdateCheck = 1410;
				LastUpgradeCheck = 1410;
				TargetAttributes = {
					D516C0A12A4EDCD1006CD3D6 = {
						CreatedOnToolsVersion = 14.1;
					};
					D516C0B72A4EDCD2006CD3D6 = {
						CreatedOnToolsVersion = 14.1;
						TestTargetID = D516C0A12A4EDCD1006CD3D6;
					};
					D516C0C12A4EDCD2006CD3D6 = {
						CreatedOnToolsVersion = 14.1;
						TestTargetID = D516C0A12A4EDCD1006CD3D6;
					};
				};
			};
			buildConfigurationList = D516C09D2A4EDCD1006CD3D6 /* Build configuration list for PBXProject "JJTimes" */;
			compatibilityVersion = "Xcode 14.0";
			developmentRegion = en;
			hasScannedForEncodings = 0;
			knownRegions = (
				en,
				Base,
			);
			mainGroup = D516C0992A4EDCD1006CD3D6;
			packageReferences = (
				D516C0FB2A55BEB9006CD3D6 /* XCRemoteSwiftPackageReference "SDWebImage" */,
			);
			productRefGroup = D516C0A32A4EDCD1006CD3D6 /* Products */;
			projectDirPath = "";
			projectRoot = "";
			targets = (
				D516C0A12A4EDCD1006CD3D6 /* JJTimes */,
				D516C0B72A4EDCD2006CD3D6 /* JJTimesTests */,
				D516C0C12A4EDCD2006CD3D6 /* JJTimesUITests */,
			);
		};
/* End PBXProject section */

/* Begin PBXResourcesBuildPhase section */
		D516C0A02A4EDCD1006CD3D6 /* Resources */ = {
			isa = PBXResourcesBuildPhase;
			buildActionMask = 2147483647;
			files = (
				D516C0B22A4EDCD2006CD3D6 /* LaunchScreen.storyboard in Resources */,
				D516C0AF2A4EDCD2006CD3D6 /* Assets.xcassets in Resources */,
			);
			runOnlyForDeploymentPostprocessing = 0;
		};
		D516C0B62A4EDCD2006CD3D6 /* Resources */ = {
			isa = PBXResourcesBuildPhase;
			buildActionMask = 2147483647;
			files = (
			);
			runOnlyForDeploymentPostprocessing = 0;
		};
		D516C0C02A4EDCD2006CD3D6 /* Resources */ = {
			isa = PBXResourcesBuildPhase;
			buildActionMask = 2147483647;
			files = (
			);
			runOnlyForDeploymentPostprocessing = 0;
		};
/* End PBXResourcesBuildPhase section */

/* Begin PBXShellScriptBuildPhase section */
		ABDB2FBCEE2008680512057E /* [CP] Check Pods Manifest.lock */ = {
			isa = PBXShellScriptBuildPhase;
			buildActionMask = 2147483647;
			files = (
			);
			inputFileListPaths = (
			);
			inputPaths = (
				"${PODS_PODFILE_DIR_PATH}/Podfile.lock",
				"${PODS_ROOT}/Manifest.lock",
			);
			name = "[CP] Check Pods Manifest.lock";
			outputFileListPaths = (
			);
			outputPaths = (
				"$(DERIVED_FILE_DIR)/Pods-JJTimes-checkManifestLockResult.txt",
			);
			runOnlyForDeploymentPostprocessing = 0;
			shellPath = /bin/sh;
			shellScript = "diff \"${PODS_PODFILE_DIR_PATH}/Podfile.lock\" \"${PODS_ROOT}/Manifest.lock\" > /dev/null\nif [ $? != 0 ] ; then\n    # print error to STDERR\n    echo \"error: The sandbox is not in sync with the Podfile.lock. Run 'pod install' or update your CocoaPods installation.\" >&2\n    exit 1\nfi\n# This output is used by Xcode 'outputs' to avoid re-running this script phase.\necho \"SUCCESS\" > \"${SCRIPT_OUTPUT_FILE_0}\"\n";
			showEnvVarsInLog = 0;
		};
		BA8C8F179B777F951A27F4AD /* [CP] Check Pods Manifest.lock */ = {
			isa = PBXShellScriptBuildPhase;
			buildActionMask = 2147483647;
			files = (
			);
			inputFileListPaths = (
			);
			inputPaths = (
				"${PODS_PODFILE_DIR_PATH}/Podfile.lock",
				"${PODS_ROOT}/Manifest.lock",
			);
			name = "[CP] Check Pods Manifest.lock";
			outputFileListPaths = (
			);
			outputPaths = (
				"$(DERIVED_FILE_DIR)/Pods-JJTimes-JJTimesUITests-checkManifestLockResult.txt",
			);
			runOnlyForDeploymentPostprocessing = 0;
			shellPath = /bin/sh;
			shellScript = "diff \"${PODS_PODFILE_DIR_PATH}/Podfile.lock\" \"${PODS_ROOT}/Manifest.lock\" > /dev/null\nif [ $? != 0 ] ; then\n    # print error to STDERR\n    echo \"error: The sandbox is not in sync with the Podfile.lock. Run 'pod install' or update your CocoaPods installation.\" >&2\n    exit 1\nfi\n# This output is used by Xcode 'outputs' to avoid re-running this script phase.\necho \"SUCCESS\" > \"${SCRIPT_OUTPUT_FILE_0}\"\n";
			showEnvVarsInLog = 0;
		};
		CC9C45A664F8B5D09FF57F44 /* [CP] Embed Pods Frameworks */ = {
			isa = PBXShellScriptBuildPhase;
			buildActionMask = 2147483647;
			files = (
			);
			inputFileListPaths = (
				"${PODS_ROOT}/Target Support Files/Pods-JJTimes-JJTimesUITests/Pods-JJTimes-JJTimesUITests-frameworks-${CONFIGURATION}-input-files.xcfilelist",
			);
			name = "[CP] Embed Pods Frameworks";
			outputFileListPaths = (
				"${PODS_ROOT}/Target Support Files/Pods-JJTimes-JJTimesUITests/Pods-JJTimes-JJTimesUITests-frameworks-${CONFIGURATION}-output-files.xcfilelist",
			);
			runOnlyForDeploymentPostprocessing = 0;
			shellPath = /bin/sh;
			shellScript = "\"${PODS_ROOT}/Target Support Files/Pods-JJTimes-JJTimesUITests/Pods-JJTimes-JJTimesUITests-frameworks.sh\"\n";
			showEnvVarsInLog = 0;
		};
		E237517CC3865375F7240555 /* [CP] Check Pods Manifest.lock */ = {
			isa = PBXShellScriptBuildPhase;
			buildActionMask = 2147483647;
			files = (
			);
			inputFileListPaths = (
			);
			inputPaths = (
				"${PODS_PODFILE_DIR_PATH}/Podfile.lock",
				"${PODS_ROOT}/Manifest.lock",
			);
			name = "[CP] Check Pods Manifest.lock";
			outputFileListPaths = (
			);
			outputPaths = (
				"$(DERIVED_FILE_DIR)/Pods-JJTimesTests-checkManifestLockResult.txt",
			);
			runOnlyForDeploymentPostprocessing = 0;
			shellPath = /bin/sh;
			shellScript = "diff \"${PODS_PODFILE_DIR_PATH}/Podfile.lock\" \"${PODS_ROOT}/Manifest.lock\" > /dev/null\nif [ $? != 0 ] ; then\n    # print error to STDERR\n    echo \"error: The sandbox is not in sync with the Podfile.lock. Run 'pod install' or update your CocoaPods installation.\" >&2\n    exit 1\nfi\n# This output is used by Xcode 'outputs' to avoid re-running this script phase.\necho \"SUCCESS\" > \"${SCRIPT_OUTPUT_FILE_0}\"\n";
			showEnvVarsInLog = 0;
		};
		EA31D4224C821BF28CAE7089 /* [CP] Embed Pods Frameworks */ = {
			isa = PBXShellScriptBuildPhase;
			buildActionMask = 2147483647;
			files = (
			);
			inputFileListPaths = (
				"${PODS_ROOT}/Target Support Files/Pods-JJTimes/Pods-JJTimes-frameworks-${CONFIGURATION}-input-files.xcfilelist",
			);
			name = "[CP] Embed Pods Frameworks";
			outputFileListPaths = (
				"${PODS_ROOT}/Target Support Files/Pods-JJTimes/Pods-JJTimes-frameworks-${CONFIGURATION}-output-files.xcfilelist",
			);
			runOnlyForDeploymentPostprocessing = 0;
			shellPath = /bin/sh;
			shellScript = "\"${PODS_ROOT}/Target Support Files/Pods-JJTimes/Pods-JJTimes-frameworks.sh\"\n";
			showEnvVarsInLog = 0;
		};
/* End PBXShellScriptBuildPhase section */

/* Begin PBXSourcesBuildPhase section */
		D516C09E2A4EDCD1006CD3D6 /* Sources */ = {
			isa = PBXSourcesBuildPhase;
			buildActionMask = 2147483647;
			files = (
				D516C0D82A4EE49A006CD3D6 /* JJBooksView.swift in Sources */,
				D516C1172A5AB605006CD3D6 /* JJBookDetailModel.swift in Sources */,
				D516C0FA2A55BC96006CD3D6 /* DispatchQueue+Extension.swift in Sources */,
				D516C0DC2A5172C8006CD3D6 /* JJBookTVC.swift in Sources */,
				D516C0F22A5316D7006CD3D6 /* JJDispatchQueueType.swift in Sources */,
				D516C0E02A5308C8006CD3D6 /* JJBooksViewModel.swift in Sources */,
				D516C0F02A530C4D006CD3D6 /* JJNetworkClientImpl.swift in Sources */,
				D516C1112A5AA663006CD3D6 /* JJBookDetailVC.swift in Sources */,
				D516C0E62A530A8E006CD3D6 /* JJNetworkClient.swift in Sources */,
				D516C0A62A4EDCD1006CD3D6 /* AppDelegate.swift in Sources */,
				D516C1132A5AA761006CD3D6 /* JJBookDetailView.swift in Sources */,
				D516C10D2A599122006CD3D6 /* JJBooksCategoriesModel.swift in Sources */,
				D516C0F62A5335B9006CD3D6 /* UITableViewCell+Extension.swift in Sources */,
				D516C0DE2A530713006CD3D6 /* JJBooksModel.swift in Sources */,
				D516C0E42A530A48006CD3D6 /* JJBooksRepository.swift in Sources */,
				D516C0E22A5309B9006CD3D6 /* JJRepository.swift in Sources */,
				D516C0EA2A530B1C006CD3D6 /* JJURLWrapper.swift in Sources */,
				D516C0F42A53357A006CD3D6 /* UITableView+Extension.swift in Sources */,
				D516C0E82A530AE0006CD3D6 /* JJCache.swift in Sources */,
				D516C0EC2A530BC6006CD3D6 /* JJAppConfiguration.swift in Sources */,
				D516C0A82A4EDCD1006CD3D6 /* SceneDelegate.swift in Sources */,
				D516C1152A5AB364006CD3D6 /* JJBookDetailViewModel.swift in Sources */,
				D516C0DA2A5170BC006CD3D6 /* UIView+Extension.swift in Sources */,
				D516C0EE2A530C09006CD3D6 /* JJReachability.swift in Sources */,
				D516C0D62A4EE47A006CD3D6 /* JJBookListVC.swift in Sources */,
			);
			runOnlyForDeploymentPostprocessing = 0;
		};
		D516C0B42A4EDCD2006CD3D6 /* Sources */ = {
			isa = PBXSourcesBuildPhase;
			buildActionMask = 2147483647;
			files = (
				D516C0BD2A4EDCD2006CD3D6 /* JJTimesTests.swift in Sources */,
			);
			runOnlyForDeploymentPostprocessing = 0;
		};
		D516C0BE2A4EDCD2006CD3D6 /* Sources */ = {
			isa = PBXSourcesBuildPhase;
			buildActionMask = 2147483647;
			files = (
				D516C0C72A4EDCD2006CD3D6 /* JJTimesUITests.swift in Sources */,
				D516C0C92A4EDCD2006CD3D6 /* JJTimesUITestsLaunchTests.swift in Sources */,
			);
			runOnlyForDeploymentPostprocessing = 0;
		};
/* End PBXSourcesBuildPhase section */

/* Begin PBXTargetDependency section */
		D516C0BA2A4EDCD2006CD3D6 /* PBXTargetDependency */ = {
			isa = PBXTargetDependency;
			target = D516C0A12A4EDCD1006CD3D6 /* JJTimes */;
			targetProxy = D516C0B92A4EDCD2006CD3D6 /* PBXContainerItemProxy */;
		};
		D516C0C42A4EDCD2006CD3D6 /* PBXTargetDependency */ = {
			isa = PBXTargetDependency;
			target = D516C0A12A4EDCD1006CD3D6 /* JJTimes */;
			targetProxy = D516C0C32A4EDCD2006CD3D6 /* PBXContainerItemProxy */;
		};
/* End PBXTargetDependency section */

/* Begin PBXVariantGroup section */
		D516C0B02A4EDCD2006CD3D6 /* LaunchScreen.storyboard */ = {
			isa = PBXVariantGroup;
			children = (
				D516C0B12A4EDCD2006CD3D6 /* Base */,
			);
			name = LaunchScreen.storyboard;
			sourceTree = "<group>";
		};
/* End PBXVariantGroup section */

/* Begin XCBuildConfiguration section */
		D516C0CA2A4EDCD2006CD3D6 /* Debug */ = {
			isa = XCBuildConfiguration;
			buildSettings = {
				ALWAYS_SEARCH_USER_PATHS = NO;
				CLANG_ANALYZER_NONNULL = YES;
				CLANG_ANALYZER_NUMBER_OBJECT_CONVERSION = YES_AGGRESSIVE;
				CLANG_CXX_LANGUAGE_STANDARD = "gnu++20";
				CLANG_ENABLE_MODULES = YES;
				CLANG_ENABLE_OBJC_ARC = YES;
				CLANG_ENABLE_OBJC_WEAK = YES;
				CLANG_WARN_BLOCK_CAPTURE_AUTORELEASING = YES;
				CLANG_WARN_BOOL_CONVERSION = YES;
				CLANG_WARN_COMMA = YES;
				CLANG_WARN_CONSTANT_CONVERSION = YES;
				CLANG_WARN_DEPRECATED_OBJC_IMPLEMENTATIONS = YES;
				CLANG_WARN_DIRECT_OBJC_ISA_USAGE = YES_ERROR;
				CLANG_WARN_DOCUMENTATION_COMMENTS = YES;
				CLANG_WARN_EMPTY_BODY = YES;
				CLANG_WARN_ENUM_CONVERSION = YES;
				CLANG_WARN_INFINITE_RECURSION = YES;
				CLANG_WARN_INT_CONVERSION = YES;
				CLANG_WARN_NON_LITERAL_NULL_CONVERSION = YES;
				CLANG_WARN_OBJC_IMPLICIT_RETAIN_SELF = YES;
				CLANG_WARN_OBJC_LITERAL_CONVERSION = YES;
				CLANG_WARN_OBJC_ROOT_CLASS = YES_ERROR;
				CLANG_WARN_QUOTED_INCLUDE_IN_FRAMEWORK_HEADER = YES;
				CLANG_WARN_RANGE_LOOP_ANALYSIS = YES;
				CLANG_WARN_STRICT_PROTOTYPES = YES;
				CLANG_WARN_SUSPICIOUS_MOVE = YES;
				CLANG_WARN_UNGUARDED_AVAILABILITY = YES_AGGRESSIVE;
				CLANG_WARN_UNREACHABLE_CODE = YES;
				CLANG_WARN__DUPLICATE_METHOD_MATCH = YES;
				COPY_PHASE_STRIP = NO;
				DEBUG_INFORMATION_FORMAT = dwarf;
				ENABLE_STRICT_OBJC_MSGSEND = YES;
				ENABLE_TESTABILITY = YES;
				GCC_C_LANGUAGE_STANDARD = gnu11;
				GCC_DYNAMIC_NO_PIC = NO;
				GCC_NO_COMMON_BLOCKS = YES;
				GCC_OPTIMIZATION_LEVEL = 0;
				GCC_PREPROCESSOR_DEFINITIONS = (
					"DEBUG=1",
					"$(inherited)",
				);
				GCC_WARN_64_TO_32_BIT_CONVERSION = YES;
				GCC_WARN_ABOUT_RETURN_TYPE = YES_ERROR;
				GCC_WARN_UNDECLARED_SELECTOR = YES;
				GCC_WARN_UNINITIALIZED_AUTOS = YES_AGGRESSIVE;
				GCC_WARN_UNUSED_FUNCTION = YES;
				GCC_WARN_UNUSED_VARIABLE = YES;
				IPHONEOS_DEPLOYMENT_TARGET = 16.1;
				MTL_ENABLE_DEBUG_INFO = INCLUDE_SOURCE;
				MTL_FAST_MATH = YES;
				ONLY_ACTIVE_ARCH = YES;
				SDKROOT = iphoneos;
				SWIFT_ACTIVE_COMPILATION_CONDITIONS = DEBUG;
				SWIFT_OPTIMIZATION_LEVEL = "-Onone";
			};
			name = Debug;
		};
		D516C0CB2A4EDCD2006CD3D6 /* Release */ = {
			isa = XCBuildConfiguration;
			buildSettings = {
				ALWAYS_SEARCH_USER_PATHS = NO;
				CLANG_ANALYZER_NONNULL = YES;
				CLANG_ANALYZER_NUMBER_OBJECT_CONVERSION = YES_AGGRESSIVE;
				CLANG_CXX_LANGUAGE_STANDARD = "gnu++20";
				CLANG_ENABLE_MODULES = YES;
				CLANG_ENABLE_OBJC_ARC = YES;
				CLANG_ENABLE_OBJC_WEAK = YES;
				CLANG_WARN_BLOCK_CAPTURE_AUTORELEASING = YES;
				CLANG_WARN_BOOL_CONVERSION = YES;
				CLANG_WARN_COMMA = YES;
				CLANG_WARN_CONSTANT_CONVERSION = YES;
				CLANG_WARN_DEPRECATED_OBJC_IMPLEMENTATIONS = YES;
				CLANG_WARN_DIRECT_OBJC_ISA_USAGE = YES_ERROR;
				CLANG_WARN_DOCUMENTATION_COMMENTS = YES;
				CLANG_WARN_EMPTY_BODY = YES;
				CLANG_WARN_ENUM_CONVERSION = YES;
				CLANG_WARN_INFINITE_RECURSION = YES;
				CLANG_WARN_INT_CONVERSION = YES;
				CLANG_WARN_NON_LITERAL_NULL_CONVERSION = YES;
				CLANG_WARN_OBJC_IMPLICIT_RETAIN_SELF = YES;
				CLANG_WARN_OBJC_LITERAL_CONVERSION = YES;
				CLANG_WARN_OBJC_ROOT_CLASS = YES_ERROR;
				CLANG_WARN_QUOTED_INCLUDE_IN_FRAMEWORK_HEADER = YES;
				CLANG_WARN_RANGE_LOOP_ANALYSIS = YES;
				CLANG_WARN_STRICT_PROTOTYPES = YES;
				CLANG_WARN_SUSPICIOUS_MOVE = YES;
				CLANG_WARN_UNGUARDED_AVAILABILITY = YES_AGGRESSIVE;
				CLANG_WARN_UNREACHABLE_CODE = YES;
				CLANG_WARN__DUPLICATE_METHOD_MATCH = YES;
				COPY_PHASE_STRIP = NO;
				DEBUG_INFORMATION_FORMAT = "dwarf-with-dsym";
				ENABLE_NS_ASSERTIONS = NO;
				ENABLE_STRICT_OBJC_MSGSEND = YES;
				GCC_C_LANGUAGE_STANDARD = gnu11;
				GCC_NO_COMMON_BLOCKS = YES;
				GCC_WARN_64_TO_32_BIT_CONVERSION = YES;
				GCC_WARN_ABOUT_RETURN_TYPE = YES_ERROR;
				GCC_WARN_UNDECLARED_SELECTOR = YES;
				GCC_WARN_UNINITIALIZED_AUTOS = YES_AGGRESSIVE;
				GCC_WARN_UNUSED_FUNCTION = YES;
				GCC_WARN_UNUSED_VARIABLE = YES;
				IPHONEOS_DEPLOYMENT_TARGET = 16.1;
				MTL_ENABLE_DEBUG_INFO = NO;
				MTL_FAST_MATH = YES;
				SDKROOT = iphoneos;
				SWIFT_COMPILATION_MODE = wholemodule;
				SWIFT_OPTIMIZATION_LEVEL = "-O";
				VALIDATE_PRODUCT = YES;
			};
			name = Release;
		};
		D516C0CD2A4EDCD2006CD3D6 /* Debug */ = {
			isa = XCBuildConfiguration;
			baseConfigurationReference = 86F99D6E7A1A9BD5570811B4 /* Pods-JJTimes.debug.xcconfig */;
			buildSettings = {
				API_KEY = mciCt4ZwycfC9WjB5WLQOM7MqpCRdjpo;
				ASSETCATALOG_COMPILER_APPICON_NAME = AppIcon;
				ASSETCATALOG_COMPILER_GLOBAL_ACCENT_COLOR_NAME = AccentColor;
				CODE_SIGN_STYLE = Automatic;
				CURRENT_PROJECT_VERSION = 1;
				DEVELOPMENT_TEAM = 2B5V8V2669;
				GENERATE_INFOPLIST_FILE = YES;
				INFOPLIST_FILE = JJTimes/Info.plist;
				INFOPLIST_KEY_UIApplicationSupportsIndirectInputEvents = YES;
				INFOPLIST_KEY_UILaunchStoryboardName = LaunchScreen;
				INFOPLIST_KEY_UISupportedInterfaceOrientations_iPad = "UIInterfaceOrientationPortrait UIInterfaceOrientationPortraitUpsideDown UIInterfaceOrientationLandscapeLeft UIInterfaceOrientationLandscapeRight";
				INFOPLIST_KEY_UISupportedInterfaceOrientations_iPhone = "UIInterfaceOrientationPortrait UIInterfaceOrientationLandscapeLeft UIInterfaceOrientationLandscapeRight";
				IPHONEOS_DEPLOYMENT_TARGET = 16.0;
				LD_RUNPATH_SEARCH_PATHS = (
					"$(inherited)",
					"@executable_path/Frameworks",
				);
				MARKETING_VERSION = 1.0;
				MostPopularBooksURL = "https://api.nytimes.com/svc/books/v3";
				PRODUCT_BUNDLE_IDENTIFIER = jeslin.JJTimes;
				PRODUCT_NAME = "$(TARGET_NAME)";
				SWIFT_EMIT_LOC_STRINGS = YES;
				SWIFT_VERSION = 5.0;
				TARGETED_DEVICE_FAMILY = "1,2";
			};
			name = Debug;
		};
		D516C0CE2A4EDCD2006CD3D6 /* Release */ = {
			isa = XCBuildConfiguration;
			baseConfigurationReference = C02A96910EAB6C059B655D5E /* Pods-JJTimes.release.xcconfig */;
			buildSettings = {
				API_KEY = mciCt4ZwycfC9WjB5WLQOM7MqpCRdjpo;
				ASSETCATALOG_COMPILER_APPICON_NAME = AppIcon;
				ASSETCATALOG_COMPILER_GLOBAL_ACCENT_COLOR_NAME = AccentColor;
				CODE_SIGN_STYLE = Automatic;
				CURRENT_PROJECT_VERSION = 1;
				DEVELOPMENT_TEAM = 2B5V8V2669;
				GENERATE_INFOPLIST_FILE = YES;
				INFOPLIST_FILE = JJTimes/Info.plist;
				INFOPLIST_KEY_UIApplicationSupportsIndirectInputEvents = YES;
				INFOPLIST_KEY_UILaunchStoryboardName = LaunchScreen;
				INFOPLIST_KEY_UISupportedInterfaceOrientations_iPad = "UIInterfaceOrientationPortrait UIInterfaceOrientationPortraitUpsideDown UIInterfaceOrientationLandscapeLeft UIInterfaceOrientationLandscapeRight";
				INFOPLIST_KEY_UISupportedInterfaceOrientations_iPhone = "UIInterfaceOrientationPortrait UIInterfaceOrientationLandscapeLeft UIInterfaceOrientationLandscapeRight";
				IPHONEOS_DEPLOYMENT_TARGET = 16.0;
				LD_RUNPATH_SEARCH_PATHS = (
					"$(inherited)",
					"@executable_path/Frameworks",
				);
				MARKETING_VERSION = 1.0;
				MostPopularBooksURL = "https://api.nytimes.com/svc/books/v3";
				PRODUCT_BUNDLE_IDENTIFIER = jeslin.JJTimes;
				PRODUCT_NAME = "$(TARGET_NAME)";
				SWIFT_EMIT_LOC_STRINGS = YES;
				SWIFT_VERSION = 5.0;
				TARGETED_DEVICE_FAMILY = "1,2";
			};
			name = Release;
		};
		D516C0D02A4EDCD2006CD3D6 /* Debug */ = {
			isa = XCBuildConfiguration;
			baseConfigurationReference = ED245B6B61BC64CABCC74479 /* Pods-JJTimesTests.debug.xcconfig */;
			buildSettings = {
				ALWAYS_EMBED_SWIFT_STANDARD_LIBRARIES = YES;
				BUNDLE_LOADER = "$(TEST_HOST)";
				CODE_SIGN_STYLE = Automatic;
				CURRENT_PROJECT_VERSION = 1;
				DEVELOPMENT_TEAM = 2B5V8V2669;
				GENERATE_INFOPLIST_FILE = YES;
				IPHONEOS_DEPLOYMENT_TARGET = 16.1;
				MARKETING_VERSION = 1.0;
				PRODUCT_BUNDLE_IDENTIFIER = jeslin.JJTimesTests;
				PRODUCT_NAME = "$(TARGET_NAME)";
				SWIFT_EMIT_LOC_STRINGS = NO;
				SWIFT_VERSION = 5.0;
				TARGETED_DEVICE_FAMILY = "1,2";
				TEST_HOST = "$(BUILT_PRODUCTS_DIR)/JJTimes.app/$(BUNDLE_EXECUTABLE_FOLDER_PATH)/JJTimes";
			};
			name = Debug;
		};
		D516C0D12A4EDCD2006CD3D6 /* Release */ = {
			isa = XCBuildConfiguration;
			baseConfigurationReference = 6FA6192BEB182156F7CABE25 /* Pods-JJTimesTests.release.xcconfig */;
			buildSettings = {
				ALWAYS_EMBED_SWIFT_STANDARD_LIBRARIES = YES;
				BUNDLE_LOADER = "$(TEST_HOST)";
				CODE_SIGN_STYLE = Automatic;
				CURRENT_PROJECT_VERSION = 1;
				DEVELOPMENT_TEAM = 2B5V8V2669;
				GENERATE_INFOPLIST_FILE = YES;
				IPHONEOS_DEPLOYMENT_TARGET = 16.1;
				MARKETING_VERSION = 1.0;
				PRODUCT_BUNDLE_IDENTIFIER = jeslin.JJTimesTests;
				PRODUCT_NAME = "$(TARGET_NAME)";
				SWIFT_EMIT_LOC_STRINGS = NO;
				SWIFT_VERSION = 5.0;
				TARGETED_DEVICE_FAMILY = "1,2";
				TEST_HOST = "$(BUILT_PRODUCTS_DIR)/JJTimes.app/$(BUNDLE_EXECUTABLE_FOLDER_PATH)/JJTimes";
			};
			name = Release;
		};
		D516C0D32A4EDCD2006CD3D6 /* Debug */ = {
			isa = XCBuildConfiguration;
			baseConfigurationReference = C47B37C0A31F2E9E8FD16A69 /* Pods-JJTimes-JJTimesUITests.debug.xcconfig */;
			buildSettings = {
				ALWAYS_EMBED_SWIFT_STANDARD_LIBRARIES = YES;
				CODE_SIGN_STYLE = Automatic;
				CURRENT_PROJECT_VERSION = 1;
				DEVELOPMENT_TEAM = 2B5V8V2669;
				GENERATE_INFOPLIST_FILE = YES;
				MARKETING_VERSION = 1.0;
				PRODUCT_BUNDLE_IDENTIFIER = jeslin.JJTimesUITests;
				PRODUCT_NAME = "$(TARGET_NAME)";
				SWIFT_EMIT_LOC_STRINGS = NO;
				SWIFT_VERSION = 5.0;
				TARGETED_DEVICE_FAMILY = "1,2";
				TEST_TARGET_NAME = JJTimes;
			};
			name = Debug;
		};
		D516C0D42A4EDCD2006CD3D6 /* Release */ = {
			isa = XCBuildConfiguration;
			baseConfigurationReference = 83EA0B82D5600A15D43C71FB /* Pods-JJTimes-JJTimesUITests.release.xcconfig */;
			buildSettings = {
				ALWAYS_EMBED_SWIFT_STANDARD_LIBRARIES = YES;
				CODE_SIGN_STYLE = Automatic;
				CURRENT_PROJECT_VERSION = 1;
				DEVELOPMENT_TEAM = 2B5V8V2669;
				GENERATE_INFOPLIST_FILE = YES;
				MARKETING_VERSION = 1.0;
				PRODUCT_BUNDLE_IDENTIFIER = jeslin.JJTimesUITests;
				PRODUCT_NAME = "$(TARGET_NAME)";
				SWIFT_EMIT_LOC_STRINGS = NO;
				SWIFT_VERSION = 5.0;
				TARGETED_DEVICE_FAMILY = "1,2";
				TEST_TARGET_NAME = JJTimes;
			};
			name = Release;
		};
/* End XCBuildConfiguration section */

/* Begin XCConfigurationList section */
		D516C09D2A4EDCD1006CD3D6 /* Build configuration list for PBXProject "JJTimes" */ = {
			isa = XCConfigurationList;
			buildConfigurations = (
				D516C0CA2A4EDCD2006CD3D6 /* Debug */,
				D516C0CB2A4EDCD2006CD3D6 /* Release */,
			);
			defaultConfigurationIsVisible = 0;
			defaultConfigurationName = Release;
		};
		D516C0CC2A4EDCD2006CD3D6 /* Build configuration list for PBXNativeTarget "JJTimes" */ = {
			isa = XCConfigurationList;
			buildConfigurations = (
				D516C0CD2A4EDCD2006CD3D6 /* Debug */,
				D516C0CE2A4EDCD2006CD3D6 /* Release */,
			);
			defaultConfigurationIsVisible = 0;
			defaultConfigurationName = Release;
		};
		D516C0CF2A4EDCD2006CD3D6 /* Build configuration list for PBXNativeTarget "JJTimesTests" */ = {
			isa = XCConfigurationList;
			buildConfigurations = (
				D516C0D02A4EDCD2006CD3D6 /* Debug */,
				D516C0D12A4EDCD2006CD3D6 /* Release */,
			);
			defaultConfigurationIsVisible = 0;
			defaultConfigurationName = Release;
		};
		D516C0D22A4EDCD2006CD3D6 /* Build configuration list for PBXNativeTarget "JJTimesUITests" */ = {
			isa = XCConfigurationList;
			buildConfigurations = (
				D516C0D32A4EDCD2006CD3D6 /* Debug */,
				D516C0D42A4EDCD2006CD3D6 /* Release */,
			);
			defaultConfigurationIsVisible = 0;
			defaultConfigurationName = Release;
		};
/* End XCConfigurationList section */

/* Begin XCRemoteSwiftPackageReference section */
		D516C0FB2A55BEB9006CD3D6 /* XCRemoteSwiftPackageReference "SDWebImage" */ = {
			isa = XCRemoteSwiftPackageReference;
			repositoryURL = "https://github.com/SDWebImage/SDWebImage.git";
			requirement = {
				branch = master;
				kind = branch;
			};
		};
/* End XCRemoteSwiftPackageReference section */

/* Begin XCSwiftPackageProductDependency section */
		D516C0FC2A55BEB9006CD3D6 /* SDWebImage */ = {
			isa = XCSwiftPackageProductDependency;
			package = D516C0FB2A55BEB9006CD3D6 /* XCRemoteSwiftPackageReference "SDWebImage" */;
			productName = SDWebImage;
		};
/* End XCSwiftPackageProductDependency section */
	};
	rootObject = D516C09A2A4EDCD1006CD3D6 /* Project object */;
}
